
Microsoft Visual Studio Solution File, Format Version 12.00
Project("{FAE04EC0-301F-11D3-BF4B-00C04F79EFBC}") = "plc4net-api", "api\plc4net-api.csproj", "{7906988A-C7CA-4886-A343-EBC17C0BAB59}"
EndProject
Project("{FAE04EC0-301F-11D3-BF4B-00C04F79EFBC}") = "plc4net-spi", "spi\plc4net-spi.csproj", "{A92DD9F9-1688-4E70-A95E-709E12DBB8C5}"
EndProject
Project("{2150E333-8FDC-42A3-9474-1A3956D46DE8}") = "drivers", "drivers", "{35D8C56A-A721-46B3-A32C-71FCF212E85D}"
EndProject
Project("{FAE04EC0-301F-11D3-BF4B-00C04F79EFBC}") = "plc4net-driver-knxproj", "drivers\knxnetip\plc4net-driver-knxproj.csproj", "{640E582A-68DF-4E51-B019-AE5774F31B54}"
EndProject
Project("{FAE04EC0-301F-11D3-BF4B-00C04F79EFBC}") = "plc4net-driver-knxproj-test", "drivers\knxnetip-test\plc4net-driver-knxproj-test.csproj", "{E9497B75-55B6-4C14-AAFB-DB93D0C88166}"
EndProject
Project("{FAE04EC0-301F-11D3-BF4B-00C04F79EFBC}") = "plc4net-spi-test", "spi-test\plc4net-spi-test.csproj", "{E5614E81-B60E-4FDB-A0BF-9E38902E8821}"
EndProject
Global
	GlobalSection(SolutionConfigurationPlatforms) = preSolution
		Debug|Any CPU = Debug|Any CPU
		Debug|x64 = Debug|x64
		Debug|x86 = Debug|x86
		Release|Any CPU = Release|Any CPU
		Release|x64 = Release|x64
		Release|x86 = Release|x86
	EndGlobalSection
	GlobalSection(ProjectConfigurationPlatforms) = postSolution
		{7906988A-C7CA-4886-A343-EBC17C0BAB59}.Debug|Any CPU.ActiveCfg = Debug|Any CPU
		{7906988A-C7CA-4886-A343-EBC17C0BAB59}.Debug|Any CPU.Build.0 = Debug|Any CPU
		{7906988A-C7CA-4886-A343-EBC17C0BAB59}.Debug|x64.ActiveCfg = Debug|Any CPU
		{7906988A-C7CA-4886-A343-EBC17C0BAB59}.Debug|x64.Build.0 = Debug|Any CPU
		{7906988A-C7CA-4886-A343-EBC17C0BAB59}.Debug|x86.ActiveCfg = Debug|Any CPU
		{7906988A-C7CA-4886-A343-EBC17C0BAB59}.Debug|x86.Build.0 = Debug|Any CPU
		{7906988A-C7CA-4886-A343-EBC17C0BAB59}.Release|Any CPU.ActiveCfg = Release|Any CPU
		{7906988A-C7CA-4886-A343-EBC17C0BAB59}.Release|Any CPU.Build.0 = Release|Any CPU
		{7906988A-C7CA-4886-A343-EBC17C0BAB59}.Release|x64.ActiveCfg = Release|Any CPU
		{7906988A-C7CA-4886-A343-EBC17C0BAB59}.Release|x64.Build.0 = Release|Any CPU
		{7906988A-C7CA-4886-A343-EBC17C0BAB59}.Release|x86.ActiveCfg = Release|Any CPU
		{7906988A-C7CA-4886-A343-EBC17C0BAB59}.Release|x86.Build.0 = Release|Any CPU
		{A92DD9F9-1688-4E70-A95E-709E12DBB8C5}.Debug|Any CPU.ActiveCfg = Debug|Any CPU
		{A92DD9F9-1688-4E70-A95E-709E12DBB8C5}.Debug|Any CPU.Build.0 = Debug|Any CPU
		{A92DD9F9-1688-4E70-A95E-709E12DBB8C5}.Debug|x64.ActiveCfg = Debug|Any CPU
		{A92DD9F9-1688-4E70-A95E-709E12DBB8C5}.Debug|x64.Build.0 = Debug|Any CPU
		{A92DD9F9-1688-4E70-A95E-709E12DBB8C5}.Debug|x86.ActiveCfg = Debug|Any CPU
		{A92DD9F9-1688-4E70-A95E-709E12DBB8C5}.Debug|x86.Build.0 = Debug|Any CPU
		{A92DD9F9-1688-4E70-A95E-709E12DBB8C5}.Release|Any CPU.ActiveCfg = Release|Any CPU
		{A92DD9F9-1688-4E70-A95E-709E12DBB8C5}.Release|Any CPU.Build.0 = Release|Any CPU
		{A92DD9F9-1688-4E70-A95E-709E12DBB8C5}.Release|x64.ActiveCfg = Release|Any CPU
		{A92DD9F9-1688-4E70-A95E-709E12DBB8C5}.Release|x64.Build.0 = Release|Any CPU
		{A92DD9F9-1688-4E70-A95E-709E12DBB8C5}.Release|x86.ActiveCfg = Release|Any CPU
		{A92DD9F9-1688-4E70-A95E-709E12DBB8C5}.Release|x86.Build.0 = Release|Any CPU
		{640E582A-68DF-4E51-B019-AE5774F31B54}.Debug|Any CPU.ActiveCfg = Debug|Any CPU
		{640E582A-68DF-4E51-B019-AE5774F31B54}.Debug|Any CPU.Build.0 = Debug|Any CPU
		{640E582A-68DF-4E51-B019-AE5774F31B54}.Debug|x64.ActiveCfg = Debug|Any CPU
		{640E582A-68DF-4E51-B019-AE5774F31B54}.Debug|x64.Build.0 = Debug|Any CPU
		{640E582A-68DF-4E51-B019-AE5774F31B54}.Debug|x86.ActiveCfg = Debug|Any CPU
		{640E582A-68DF-4E51-B019-AE5774F31B54}.Debug|x86.Build.0 = Debug|Any CPU
		{640E582A-68DF-4E51-B019-AE5774F31B54}.Release|Any CPU.ActiveCfg = Release|Any CPU
		{640E582A-68DF-4E51-B019-AE5774F31B54}.Release|Any CPU.Build.0 = Release|Any CPU
		{640E582A-68DF-4E51-B019-AE5774F31B54}.Release|x64.ActiveCfg = Release|Any CPU
		{640E582A-68DF-4E51-B019-AE5774F31B54}.Release|x64.Build.0 = Release|Any CPU
		{640E582A-68DF-4E51-B019-AE5774F31B54}.Release|x86.ActiveCfg = Release|Any CPU
		{640E582A-68DF-4E51-B019-AE5774F31B54}.Release|x86.Build.0 = Release|Any CPU
		{E9497B75-55B6-4C14-AAFB-DB93D0C88166}.Debug|Any CPU.ActiveCfg = Debug|Any CPU
		{E9497B75-55B6-4C14-AAFB-DB93D0C88166}.Debug|Any CPU.Build.0 = Debug|Any CPU
		{E9497B75-55B6-4C14-AAFB-DB93D0C88166}.Debug|x64.ActiveCfg = Debug|Any CPU
		{E9497B75-55B6-4C14-AAFB-DB93D0C88166}.Debug|x64.Build.0 = Debug|Any CPU
		{E9497B75-55B6-4C14-AAFB-DB93D0C88166}.Debug|x86.ActiveCfg = Debug|Any CPU
		{E9497B75-55B6-4C14-AAFB-DB93D0C88166}.Debug|x86.Build.0 = Debug|Any CPU
		{E9497B75-55B6-4C14-AAFB-DB93D0C88166}.Release|Any CPU.ActiveCfg = Release|Any CPU
		{E9497B75-55B6-4C14-AAFB-DB93D0C88166}.Release|Any CPU.Build.0 = Release|Any CPU
		{E9497B75-55B6-4C14-AAFB-DB93D0C88166}.Release|x64.ActiveCfg = Release|Any CPU
		{E9497B75-55B6-4C14-AAFB-DB93D0C88166}.Release|x64.Build.0 = Release|Any CPU
		{E9497B75-55B6-4C14-AAFB-DB93D0C88166}.Release|x86.ActiveCfg = Release|Any CPU
		{E9497B75-55B6-4C14-AAFB-DB93D0C88166}.Release|x86.Build.0 = Release|Any CPU
		{E5614E81-B60E-4FDB-A0BF-9E38902E8821}.Debug|Any CPU.ActiveCfg = Debug|Any CPU
		{E5614E81-B60E-4FDB-A0BF-9E38902E8821}.Debug|Any CPU.Build.0 = Debug|Any CPU
		{E5614E81-B60E-4FDB-A0BF-9E38902E8821}.Debug|x64.ActiveCfg = Debug|Any CPU
		{E5614E81-B60E-4FDB-A0BF-9E38902E8821}.Debug|x64.Build.0 = Debug|Any CPU
		{E5614E81-B60E-4FDB-A0BF-9E38902E8821}.Debug|x86.ActiveCfg = Debug|Any CPU
		{E5614E81-B60E-4FDB-A0BF-9E38902E8821}.Debug|x86.Build.0 = Debug|Any CPU
		{E5614E81-B60E-4FDB-A0BF-9E38902E8821}.Release|Any CPU.ActiveCfg = Release|Any CPU
		{E5614E81-B60E-4FDB-A0BF-9E38902E8821}.Release|Any CPU.Build.0 = Release|Any CPU
		{E5614E81-B60E-4FDB-A0BF-9E38902E8821}.Release|x64.ActiveCfg = Release|Any CPU
		{E5614E81-B60E-4FDB-A0BF-9E38902E8821}.Release|x64.Build.0 = Release|Any CPU
		{E5614E81-B60E-4FDB-A0BF-9E38902E8821}.Release|x86.ActiveCfg = Release|Any CPU
		{E5614E81-B60E-4FDB-A0BF-9E38902E8821}.Release|x86.Build.0 = Release|Any CPU
	EndGlobalSection
	GlobalSection(SolutionProperties) = preSolution
		HideSolutionNode = FALSE
	EndGlobalSection
	GlobalSection(NestedProjects) = preSolution
		{640E582A-68DF-4E51-B019-AE5774F31B54} = {35D8C56A-A721-46B3-A32C-71FCF212E85D}
		{E9497B75-55B6-4C14-AAFB-DB93D0C88166} = {35D8C56A-A721-46B3-A32C-71FCF212E85D}
	EndGlobalSection
EndGlobal
